// !$*UTF8*$!
{
	archiveVersion = 1;
	classes = {
	};
	objectVersion = 56;
	objects = {

/* Begin PBXBuildFile section */
		55F0DD1D29C0AC460062BFCA /* Utils.framework in Frameworks */ = {isa = PBXBuildFile; fileRef = 55F0DD1429C0AC460062BFCA /* Utils.framework */; };
		55F0DD2229C0AC460062BFCA /* UtilsTests.swift in Sources */ = {isa = PBXBuildFile; fileRef = 55F0DD2129C0AC460062BFCA /* UtilsTests.swift */; };
		55F0DD2329C0AC460062BFCA /* Utils.h in Headers */ = {isa = PBXBuildFile; fileRef = 55F0DD1729C0AC460062BFCA /* Utils.h */; settings = {ATTRIBUTES = (Public, ); }; };
		55F0DD6629C0ADDD0062BFCA /* NSObject+Common.swift in Sources */ = {isa = PBXBuildFile; fileRef = 55F0DD6429C0ADDD0062BFCA /* NSObject+Common.swift */; };
		55F0DD6729C0ADDE0062BFCA /* UICollectionView+Common.swift in Sources */ = {isa = PBXBuildFile; fileRef = 55F0DD6529C0ADDD0062BFCA /* UICollectionView+Common.swift */; };
		55F0DD6D29C0ADF70062BFCA /* LoadMoreAble.swift in Sources */ = {isa = PBXBuildFile; fileRef = 55F0DD6A29C0ADF70062BFCA /* LoadMoreAble.swift */; };
		55F0DD6E29C0ADF70062BFCA /* LoadMoreView.swift in Sources */ = {isa = PBXBuildFile; fileRef = 55F0DD6B29C0ADF70062BFCA /* LoadMoreView.swift */; };
		55F0DD6F29C0ADF70062BFCA /* LoadMoreViewProxy.swift in Sources */ = {isa = PBXBuildFile; fileRef = 55F0DD6C29C0ADF70062BFCA /* LoadMoreViewProxy.swift */; };
		55F0DD7229C0AE0B0062BFCA /* Differentiator in Frameworks */ = {isa = PBXBuildFile; productRef = 55F0DD7129C0AE0B0062BFCA /* Differentiator */; };
		55F0DD7429C0AE0B0062BFCA /* RxDataSources in Frameworks */ = {isa = PBXBuildFile; productRef = 55F0DD7329C0AE0B0062BFCA /* RxDataSources */; };
		55F0DD7729C0AE570062BFCA /* RxCocoa in Frameworks */ = {isa = PBXBuildFile; productRef = 55F0DD7629C0AE570062BFCA /* RxCocoa */; };
		55F0DD7929C0AE570062BFCA /* RxRelay in Frameworks */ = {isa = PBXBuildFile; productRef = 55F0DD7829C0AE570062BFCA /* RxRelay */; };
		55F0DD7B29C0AE570062BFCA /* RxSwift in Frameworks */ = {isa = PBXBuildFile; productRef = 55F0DD7A29C0AE570062BFCA /* RxSwift */; };
/* End PBXBuildFile section */

/* Begin PBXContainerItemProxy section */
		55F0DD1E29C0AC460062BFCA /* PBXContainerItemProxy */ = {
			isa = PBXContainerItemProxy;
			containerPortal = 55F0DD0B29C0AC460062BFCA /* Project object */;
			proxyType = 1;
			remoteGlobalIDString = 55F0DD1329C0AC460062BFCA;
			remoteInfo = Utils;
		};
/* End PBXContainerItemProxy section */

/* Begin PBXFileReference section */
		55F0DD1429C0AC460062BFCA /* Utils.framework */ = {isa = PBXFileReference; explicitFileType = wrapper.framework; includeInIndex = 0; path = Utils.framework; sourceTree = BUILT_PRODUCTS_DIR; };
		55F0DD1729C0AC460062BFCA /* Utils.h */ = {isa = PBXFileReference; lastKnownFileType = sourcecode.c.h; path = Utils.h; sourceTree = "<group>"; };
		55F0DD1C29C0AC460062BFCA /* UtilsTests.xctest */ = {isa = PBXFileReference; explicitFileType = wrapper.cfbundle; includeInIndex = 0; path = UtilsTests.xctest; sourceTree = BUILT_PRODUCTS_DIR; };
		55F0DD2129C0AC460062BFCA /* UtilsTests.swift */ = {isa = PBXFileReference; lastKnownFileType = sourcecode.swift; path = UtilsTests.swift; sourceTree = "<group>"; };
		55F0DD6429C0ADDD0062BFCA /* NSObject+Common.swift */ = {isa = PBXFileReference; fileEncoding = 4; lastKnownFileType = sourcecode.swift; path = "NSObject+Common.swift"; sourceTree = "<group>"; };
		55F0DD6529C0ADDD0062BFCA /* UICollectionView+Common.swift */ = {isa = PBXFileReference; fileEncoding = 4; lastKnownFileType = sourcecode.swift; path = "UICollectionView+Common.swift"; sourceTree = "<group>"; };
		55F0DD6A29C0ADF70062BFCA /* LoadMoreAble.swift */ = {isa = PBXFileReference; fileEncoding = 4; lastKnownFileType = sourcecode.swift; path = LoadMoreAble.swift; sourceTree = "<group>"; };
		55F0DD6B29C0ADF70062BFCA /* LoadMoreView.swift */ = {isa = PBXFileReference; fileEncoding = 4; lastKnownFileType = sourcecode.swift; path = LoadMoreView.swift; sourceTree = "<group>"; };
		55F0DD6C29C0ADF70062BFCA /* LoadMoreViewProxy.swift */ = {isa = PBXFileReference; fileEncoding = 4; lastKnownFileType = sourcecode.swift; path = LoadMoreViewProxy.swift; sourceTree = "<group>"; };
/* End PBXFileReference section */

/* Begin PBXFrameworksBuildPhase section */
		55F0DD1129C0AC460062BFCA /* Frameworks */ = {
			isa = PBXFrameworksBuildPhase;
			buildActionMask = 2147483647;
			files = (
				55F0DD7729C0AE570062BFCA /* RxCocoa in Frameworks */,
				55F0DD7229C0AE0B0062BFCA /* Differentiator in Frameworks */,
				55F0DD7B29C0AE570062BFCA /* RxSwift in Frameworks */,
				55F0DD7929C0AE570062BFCA /* RxRelay in Frameworks */,
				55F0DD7429C0AE0B0062BFCA /* RxDataSources in Frameworks */,
			);
			runOnlyForDeploymentPostprocessing = 0;
		};
		55F0DD1929C0AC460062BFCA /* Frameworks */ = {
			isa = PBXFrameworksBuildPhase;
			buildActionMask = 2147483647;
			files = (
				55F0DD1D29C0AC460062BFCA /* Utils.framework in Frameworks */,
			);
			runOnlyForDeploymentPostprocessing = 0;
		};
/* End PBXFrameworksBuildPhase section */

/* Begin PBXGroup section */
		55F0DD0A29C0AC460062BFCA = {
			isa = PBXGroup;
			children = (
				55F0DD1629C0AC460062BFCA /* Utils */,
				55F0DD2029C0AC460062BFCA /* UtilsTests */,
				55F0DD1529C0AC460062BFCA /* Products */,
			);
			sourceTree = "<group>";
		};
		55F0DD1529C0AC460062BFCA /* Products */ = {
			isa = PBXGroup;
			children = (
				55F0DD1429C0AC460062BFCA /* Utils.framework */,
				55F0DD1C29C0AC460062BFCA /* UtilsTests.xctest */,
			);
			name = Products;
			sourceTree = "<group>";
		};
		55F0DD1629C0AC460062BFCA /* Utils */ = {
			isa = PBXGroup;
			children = (
				55F0DD6829C0ADE30062BFCA /* Components */,
				55F0DD6329C0ADD50062BFCA /* Common */,
				55F0DD1729C0AC460062BFCA /* Utils.h */,
			);
			path = Utils;
			sourceTree = "<group>";
		};
		55F0DD2029C0AC460062BFCA /* UtilsTests */ = {
			isa = PBXGroup;
			children = (
				55F0DD2129C0AC460062BFCA /* UtilsTests.swift */,
			);
			path = UtilsTests;
			sourceTree = "<group>";
		};
		55F0DD6329C0ADD50062BFCA /* Common */ = {
			isa = PBXGroup;
			children = (
				55F0DD6429C0ADDD0062BFCA /* NSObject+Common.swift */,
				55F0DD6529C0ADDD0062BFCA /* UICollectionView+Common.swift */,
			);
			path = Common;
			sourceTree = "<group>";
		};
		55F0DD6829C0ADE30062BFCA /* Components */ = {
			isa = PBXGroup;
			children = (
				55F0DD6929C0ADED0062BFCA /* LoadMoreView */,
			);
			path = Components;
			sourceTree = "<group>";
		};
		55F0DD6929C0ADED0062BFCA /* LoadMoreView */ = {
			isa = PBXGroup;
			children = (
				55F0DD6A29C0ADF70062BFCA /* LoadMoreAble.swift */,
				55F0DD6B29C0ADF70062BFCA /* LoadMoreView.swift */,
				55F0DD6C29C0ADF70062BFCA /* LoadMoreViewProxy.swift */,
			);
			path = LoadMoreView;
			sourceTree = "<group>";
		};
/* End PBXGroup section */

/* Begin PBXHeadersBuildPhase section */
		55F0DD0F29C0AC460062BFCA /* Headers */ = {
			isa = PBXHeadersBuildPhase;
			buildActionMask = 2147483647;
			files = (
				55F0DD2329C0AC460062BFCA /* Utils.h in Headers */,
			);
			runOnlyForDeploymentPostprocessing = 0;
		};
/* End PBXHeadersBuildPhase section */

/* Begin PBXNativeTarget section */
		55F0DD1329C0AC460062BFCA /* Utils */ = {
			isa = PBXNativeTarget;
			buildConfigurationList = 55F0DD2629C0AC460062BFCA /* Build configuration list for PBXNativeTarget "Utils" */;
			buildPhases = (
				55F0DD0F29C0AC460062BFCA /* Headers */,
				55F0DD1029C0AC460062BFCA /* Sources */,
				55F0DD1129C0AC460062BFCA /* Frameworks */,
				55F0DD1229C0AC460062BFCA /* Resources */,
			);
			buildRules = (
			);
			dependencies = (
			);
			name = Utils;
			packageProductDependencies = (
				55F0DD7129C0AE0B0062BFCA /* Differentiator */,
				55F0DD7329C0AE0B0062BFCA /* RxDataSources */,
				55F0DD7629C0AE570062BFCA /* RxCocoa */,
				55F0DD7829C0AE570062BFCA /* RxRelay */,
				55F0DD7A29C0AE570062BFCA /* RxSwift */,
			);
			productName = Utils;
			productReference = 55F0DD1429C0AC460062BFCA /* Utils.framework */;
			productType = "com.apple.product-type.framework";
		};
		55F0DD1B29C0AC460062BFCA /* UtilsTests */ = {
			isa = PBXNativeTarget;
			buildConfigurationList = 55F0DD2929C0AC460062BFCA /* Build configuration list for PBXNativeTarget "UtilsTests" */;
			buildPhases = (
				55F0DD1829C0AC460062BFCA /* Sources */,
				55F0DD1929C0AC460062BFCA /* Frameworks */,
				55F0DD1A29C0AC460062BFCA /* Resources */,
			);
			buildRules = (
			);
			dependencies = (
				55F0DD1F29C0AC460062BFCA /* PBXTargetDependency */,
			);
			name = UtilsTests;
			productName = UtilsTests;
			productReference = 55F0DD1C29C0AC460062BFCA /* UtilsTests.xctest */;
			productType = "com.apple.product-type.bundle.unit-test";
		};
/* End PBXNativeTarget section */

/* Begin PBXProject section */
		55F0DD0B29C0AC460062BFCA /* Project object */ = {
			isa = PBXProject;
			attributes = {
				BuildIndependentTargetsInParallel = 1;
				LastSwiftUpdateCheck = 1420;
				LastUpgradeCheck = 1420;
				TargetAttributes = {
					55F0DD1329C0AC460062BFCA = {
						CreatedOnToolsVersion = 14.2;
						LastSwiftMigration = 1420;
					};
					55F0DD1B29C0AC460062BFCA = {
						CreatedOnToolsVersion = 14.2;
					};
				};
			};
			buildConfigurationList = 55F0DD0E29C0AC460062BFCA /* Build configuration list for PBXProject "Utils" */;
			compatibilityVersion = "Xcode 14.0";
			developmentRegion = en;
			hasScannedForEncodings = 0;
			knownRegions = (
				en,
				Base,
			);
			mainGroup = 55F0DD0A29C0AC460062BFCA;
			packageReferences = (
				55F0DD7029C0AE0B0062BFCA /* XCRemoteSwiftPackageReference "RxDataSources" */,
				55F0DD7529C0AE570062BFCA /* XCRemoteSwiftPackageReference "RxSwift" */,
			);
			productRefGroup = 55F0DD1529C0AC460062BFCA /* Products */;
			projectDirPath = "";
			projectRoot = "";
			targets = (
				55F0DD1329C0AC460062BFCA /* Utils */,
				55F0DD1B29C0AC460062BFCA /* UtilsTests */,
			);
		};
/* End PBXProject section */

/* Begin PBXResourcesBuildPhase section */
		55F0DD1229C0AC460062BFCA /* Resources */ = {
			isa = PBXResourcesBuildPhase;
			buildActionMask = 2147483647;
			files = (
			);
			runOnlyForDeploymentPostprocessing = 0;
		};
		55F0DD1A29C0AC460062BFCA /* Resources */ = {
			isa = PBXResourcesBuildPhase;
			buildActionMask = 2147483647;
			files = (
			);
			runOnlyForDeploymentPostprocessing = 0;
		};
/* End PBXResourcesBuildPhase section */

/* Begin PBXSourcesBuildPhase section */
		55F0DD1029C0AC460062BFCA /* Sources */ = {
			isa = PBXSourcesBuildPhase;
			buildActionMask = 2147483647;
			files = (
				55F0DD6D29C0ADF70062BFCA /* LoadMoreAble.swift in Sources */,
				55F0DD6F29C0ADF70062BFCA /* LoadMoreViewProxy.swift in Sources */,
				55F0DD6629C0ADDD0062BFCA /* NSObject+Common.swift in Sources */,
				55F0DD6729C0ADDE0062BFCA /* UICollectionView+Common.swift in Sources */,
				55F0DD6E29C0ADF70062BFCA /* LoadMoreView.swift in Sources */,
			);
			runOnlyForDeploymentPostprocessing = 0;
		};
		55F0DD1829C0AC460062BFCA /* Sources */ = {
			isa = PBXSourcesBuildPhase;
			buildActionMask = 2147483647;
			files = (
				55F0DD2229C0AC460062BFCA /* UtilsTests.swift in Sources */,
			);
			runOnlyForDeploymentPostprocessing = 0;
		};
/* End PBXSourcesBuildPhase section */

/* Begin PBXTargetDependency section */
		55F0DD1F29C0AC460062BFCA /* PBXTargetDependency */ = {
			isa = PBXTargetDependency;
			target = 55F0DD1329C0AC460062BFCA /* Utils */;
			targetProxy = 55F0DD1E29C0AC460062BFCA /* PBXContainerItemProxy */;
		};
/* End PBXTargetDependency section */

/* Begin XCBuildConfiguration section */
		55F0DD2429C0AC460062BFCA /* Debug */ = {
			isa = XCBuildConfiguration;
			buildSettings = {
				ALWAYS_SEARCH_USER_PATHS = NO;
				CLANG_ANALYZER_NONNULL = YES;
				CLANG_ANALYZER_NUMBER_OBJECT_CONVERSION = YES_AGGRESSIVE;
				CLANG_CXX_LANGUAGE_STANDARD = "gnu++20";
				CLANG_ENABLE_MODULES = YES;
				CLANG_ENABLE_OBJC_ARC = YES;
				CLANG_ENABLE_OBJC_WEAK = YES;
				CLANG_WARN_BLOCK_CAPTURE_AUTORELEASING = YES;
				CLANG_WARN_BOOL_CONVERSION = YES;
				CLANG_WARN_COMMA = YES;
				CLANG_WARN_CONSTANT_CONVERSION = YES;
				CLANG_WARN_DEPRECATED_OBJC_IMPLEMENTATIONS = YES;
				CLANG_WARN_DIRECT_OBJC_ISA_USAGE = YES_ERROR;
				CLANG_WARN_DOCUMENTATION_COMMENTS = YES;
				CLANG_WARN_EMPTY_BODY = YES;
				CLANG_WARN_ENUM_CONVERSION = YES;
				CLANG_WARN_INFINITE_RECURSION = YES;
				CLANG_WARN_INT_CONVERSION = YES;
				CLANG_WARN_NON_LITERAL_NULL_CONVERSION = YES;
				CLANG_WARN_OBJC_IMPLICIT_RETAIN_SELF = YES;
				CLANG_WARN_OBJC_LITERAL_CONVERSION = YES;
				CLANG_WARN_OBJC_ROOT_CLASS = YES_ERROR;
				CLANG_WARN_QUOTED_INCLUDE_IN_FRAMEWORK_HEADER = YES;
				CLANG_WARN_RANGE_LOOP_ANALYSIS = YES;
				CLANG_WARN_STRICT_PROTOTYPES = YES;
				CLANG_WARN_SUSPICIOUS_MOVE = YES;
				CLANG_WARN_UNGUARDED_AVAILABILITY = YES_AGGRESSIVE;
				CLANG_WARN_UNREACHABLE_CODE = YES;
				CLANG_WARN__DUPLICATE_METHOD_MATCH = YES;
				COPY_PHASE_STRIP = NO;
				CURRENT_PROJECT_VERSION = 1;
				DEBUG_INFORMATION_FORMAT = dwarf;
				ENABLE_STRICT_OBJC_MSGSEND = YES;
				ENABLE_TESTABILITY = YES;
				GCC_C_LANGUAGE_STANDARD = gnu11;
				GCC_DYNAMIC_NO_PIC = NO;
				GCC_NO_COMMON_BLOCKS = YES;
				GCC_OPTIMIZATION_LEVEL = 0;
				GCC_PREPROCESSOR_DEFINITIONS = (
					"DEBUG=1",
					"$(inherited)",
				);
				GCC_WARN_64_TO_32_BIT_CONVERSION = YES;
				GCC_WARN_ABOUT_RETURN_TYPE = YES_ERROR;
				GCC_WARN_UNDECLARED_SELECTOR = YES;
				GCC_WARN_UNINITIALIZED_AUTOS = YES_AGGRESSIVE;
				GCC_WARN_UNUSED_FUNCTION = YES;
				GCC_WARN_UNUSED_VARIABLE = YES;
				IPHONEOS_DEPLOYMENT_TARGET = 14.0;
				MTL_ENABLE_DEBUG_INFO = INCLUDE_SOURCE;
				MTL_FAST_MATH = YES;
				ONLY_ACTIVE_ARCH = YES;
				SDKROOT = iphoneos;
				SWIFT_ACTIVE_COMPILATION_CONDITIONS = DEBUG;
				SWIFT_OPTIMIZATION_LEVEL = "-Onone";
				VERSIONING_SYSTEM = "apple-generic";
				VERSION_INFO_PREFIX = "";
			};
			name = Debug;
		};
		55F0DD2529C0AC460062BFCA /* Release */ = {
			isa = XCBuildConfiguration;
			buildSettings = {
				ALWAYS_SEARCH_USER_PATHS = NO;
				CLANG_ANALYZER_NONNULL = YES;
				CLANG_ANALYZER_NUMBER_OBJECT_CONVERSION = YES_AGGRESSIVE;
				CLANG_CXX_LANGUAGE_STANDARD = "gnu++20";
				CLANG_ENABLE_MODULES = YES;
				CLANG_ENABLE_OBJC_ARC = YES;
				CLANG_ENABLE_OBJC_WEAK = YES;
				CLANG_WARN_BLOCK_CAPTURE_AUTORELEASING = YES;
				CLANG_WARN_BOOL_CONVERSION = YES;
				CLANG_WARN_COMMA = YES;
				CLANG_WARN_CONSTANT_CONVERSION = YES;
				CLANG_WARN_DEPRECATED_OBJC_IMPLEMENTATIONS = YES;
				CLANG_WARN_DIRECT_OBJC_ISA_USAGE = YES_ERROR;
				CLANG_WARN_DOCUMENTATION_COMMENTS = YES;
				CLANG_WARN_EMPTY_BODY = YES;
				CLANG_WARN_ENUM_CONVERSION = YES;
				CLANG_WARN_INFINITE_RECURSION = YES;
				CLANG_WARN_INT_CONVERSION = YES;
				CLANG_WARN_NON_LITERAL_NULL_CONVERSION = YES;
				CLANG_WARN_OBJC_IMPLICIT_RETAIN_SELF = YES;
				CLANG_WARN_OBJC_LITERAL_CONVERSION = YES;
				CLANG_WARN_OBJC_ROOT_CLASS = YES_ERROR;
				CLANG_WARN_QUOTED_INCLUDE_IN_FRAMEWORK_HEADER = YES;
				CLANG_WARN_RANGE_LOOP_ANALYSIS = YES;
				CLANG_WARN_STRICT_PROTOTYPES = YES;
				CLANG_WARN_SUSPICIOUS_MOVE = YES;
				CLANG_WARN_UNGUARDED_AVAILABILITY = YES_AGGRESSIVE;
				CLANG_WARN_UNREACHABLE_CODE = YES;
				CLANG_WARN__DUPLICATE_METHOD_MATCH = YES;
				COPY_PHASE_STRIP = NO;
				CURRENT_PROJECT_VERSION = 1;
				DEBUG_INFORMATION_FORMAT = "dwarf-with-dsym";
				ENABLE_NS_ASSERTIONS = NO;
				ENABLE_STRICT_OBJC_MSGSEND = YES;
				GCC_C_LANGUAGE_STANDARD = gnu11;
				GCC_NO_COMMON_BLOCKS = YES;
				GCC_WARN_64_TO_32_BIT_CONVERSION = YES;
				GCC_WARN_ABOUT_RETURN_TYPE = YES_ERROR;
				GCC_WARN_UNDECLARED_SELECTOR = YES;
				GCC_WARN_UNINITIALIZED_AUTOS = YES_AGGRESSIVE;
				GCC_WARN_UNUSED_FUNCTION = YES;
				GCC_WARN_UNUSED_VARIABLE = YES;
				IPHONEOS_DEPLOYMENT_TARGET = 14.0;
				MTL_ENABLE_DEBUG_INFO = NO;
				MTL_FAST_MATH = YES;
				SDKROOT = iphoneos;
				SWIFT_COMPILATION_MODE = wholemodule;
				SWIFT_OPTIMIZATION_LEVEL = "-O";
				VALIDATE_PRODUCT = YES;
				VERSIONING_SYSTEM = "apple-generic";
				VERSION_INFO_PREFIX = "";
			};
			name = Release;
		};
		55F0DD2729C0AC460062BFCA /* Debug */ = {
			isa = XCBuildConfiguration;
			buildSettings = {
				CLANG_ENABLE_MODULES = YES;
				CODE_SIGN_STYLE = Automatic;
				CURRENT_PROJECT_VERSION = 1;
				DEFINES_MODULE = YES;
				DEVELOPMENT_TEAM = 79BPQ6NDVU;
				DYLIB_COMPATIBILITY_VERSION = 1;
				DYLIB_CURRENT_VERSION = 1;
				DYLIB_INSTALL_NAME_BASE = "@rpath";
				GENERATE_INFOPLIST_FILE = YES;
				INFOPLIST_KEY_NSHumanReadableCopyright = "";
				INSTALL_PATH = "$(LOCAL_LIBRARY_DIR)/Frameworks";
				LD_RUNPATH_SEARCH_PATHS = (
					"$(inherited)",
					"@executable_path/Frameworks",
					"@loader_path/Frameworks",
				);
				MARKETING_VERSION = 1.0;
				PRODUCT_BUNDLE_IDENTIFIER = com.tuantang.Utils;
				PRODUCT_NAME = "$(TARGET_NAME:c99extidentifier)";
				SKIP_INSTALL = YES;
				SWIFT_EMIT_LOC_STRINGS = YES;
				SWIFT_OPTIMIZATION_LEVEL = "-Onone";
				SWIFT_VERSION = 5.0;
				TARGETED_DEVICE_FAMILY = "1,2";
			};
			name = Debug;
		};
		55F0DD2829C0AC460062BFCA /* Release */ = {
			isa = XCBuildConfiguration;
			buildSettings = {
				CLANG_ENABLE_MODULES = YES;
				CODE_SIGN_STYLE = Automatic;
				CURRENT_PROJECT_VERSION = 1;
				DEFINES_MODULE = YES;
				DEVELOPMENT_TEAM = 79BPQ6NDVU;
				DYLIB_COMPATIBILITY_VERSION = 1;
				DYLIB_CURRENT_VERSION = 1;
				DYLIB_INSTALL_NAME_BASE = "@rpath";
				GENERATE_INFOPLIST_FILE = YES;
				INFOPLIST_KEY_NSHumanReadableCopyright = "";
				INSTALL_PATH = "$(LOCAL_LIBRARY_DIR)/Frameworks";
				LD_RUNPATH_SEARCH_PATHS = (
					"$(inherited)",
					"@executable_path/Frameworks",
					"@loader_path/Frameworks",
				);
				MARKETING_VERSION = 1.0;
				PRODUCT_BUNDLE_IDENTIFIER = com.tuantang.Utils;
				PRODUCT_NAME = "$(TARGET_NAME:c99extidentifier)";
				SKIP_INSTALL = YES;
				SWIFT_EMIT_LOC_STRINGS = YES;
				SWIFT_VERSION = 5.0;
				TARGETED_DEVICE_FAMILY = "1,2";
			};
			name = Release;
		};
		55F0DD2A29C0AC460062BFCA /* Debug */ = {
			isa = XCBuildConfiguration;
			buildSettings = {
				ALWAYS_EMBED_SWIFT_STANDARD_LIBRARIES = YES;
				CODE_SIGN_STYLE = Automatic;
				CURRENT_PROJECT_VERSION = 1;
				DEVELOPMENT_TEAM = 79BPQ6NDVU;
				GENERATE_INFOPLIST_FILE = YES;
				MARKETING_VERSION = 1.0;
				PRODUCT_BUNDLE_IDENTIFIER = com.tuantang.UtilsTests;
				PRODUCT_NAME = "$(TARGET_NAME)";
				SWIFT_EMIT_LOC_STRINGS = NO;
				SWIFT_VERSION = 5.0;
				TARGETED_DEVICE_FAMILY = "1,2";
			};
			name = Debug;
		};
		55F0DD2B29C0AC460062BFCA /* Release */ = {
			isa = XCBuildConfiguration;
			buildSettings = {
				ALWAYS_EMBED_SWIFT_STANDARD_LIBRARIES = YES;
				CODE_SIGN_STYLE = Automatic;
				CURRENT_PROJECT_VERSION = 1;
				DEVELOPMENT_TEAM = 79BPQ6NDVU;
				GENERATE_INFOPLIST_FILE = YES;
				MARKETING_VERSION = 1.0;
				PRODUCT_BUNDLE_IDENTIFIER = com.tuantang.UtilsTests;
				PRODUCT_NAME = "$(TARGET_NAME)";
				SWIFT_EMIT_LOC_STRINGS = NO;
				SWIFT_VERSION = 5.0;
				TARGETED_DEVICE_FAMILY = "1,2";
			};
			name = Release;
		};
/* End XCBuildConfiguration section */

/* Begin XCConfigurationList section */
		55F0DD0E29C0AC460062BFCA /* Build configuration list for PBXProject "Utils" */ = {
			isa = XCConfigurationList;
			buildConfigurations = (
				55F0DD2429C0AC460062BFCA /* Debug */,
				55F0DD2529C0AC460062BFCA /* Release */,
			);
			defaultConfigurationIsVisible = 0;
			defaultConfigurationName = Release;
		};
		55F0DD2629C0AC460062BFCA /* Build configuration list for PBXNativeTarget "Utils" */ = {
			isa = XCConfigurationList;
			buildConfigurations = (
				55F0DD2729C0AC460062BFCA /* Debug */,
				55F0DD2829C0AC460062BFCA /* Release */,
			);
			defaultConfigurationIsVisible = 0;
			defaultConfigurationName = Release;
		};
		55F0DD2929C0AC460062BFCA /* Build configuration list for PBXNativeTarget "UtilsTests" */ = {
			isa = XCConfigurationList;
			buildConfigurations = (
				55F0DD2A29C0AC460062BFCA /* Debug */,
				55F0DD2B29C0AC460062BFCA /* Release */,
			);
			defaultConfigurationIsVisible = 0;
			defaultConfigurationName = Release;
		};
/* End XCConfigurationList section */

/* Begin XCRemoteSwiftPackageReference section */
		55F0DD7029C0AE0B0062BFCA /* XCRemoteSwiftPackageReference "RxDataSources" */ = {
			isa = XCRemoteSwiftPackageReference;
			repositoryURL = "https://github.com/RxSwiftCommunity/RxDataSources.git";
			requirement = {
				kind = upToNextMajorVersion;
				minimumVersion = 5.0.0;
			};
		};
		55F0DD7529C0AE570062BFCA /* XCRemoteSwiftPackageReference "RxSwift" */ = {
			isa = XCRemoteSwiftPackageReference;
			repositoryURL = "https://github.com/ReactiveX/RxSwift.git";
			requirement = {
				kind = upToNextMajorVersion;
				minimumVersion = 6.0.0;
			};
		};
/* End XCRemoteSwiftPackageReference section */

/* Begin XCSwiftPackageProductDependency section */
		55F0DD7129C0AE0B0062BFCA /* Differentiator */ = {
			isa = XCSwiftPackageProductDependency;
			package = 55F0DD7029C0AE0B0062BFCA /* XCRemoteSwiftPackageReference "RxDataSources" */;
			productName = Differentiator;
		};
		55F0DD7329C0AE0B0062BFCA /* RxDataSources */ = {
			isa = XCSwiftPackageProductDependency;
			package = 55F0DD7029C0AE0B0062BFCA /* XCRemoteSwiftPackageReference "RxDataSources" */;
			productName = RxDataSources;
		};
		55F0DD7629C0AE570062BFCA /* RxCocoa */ = {
			isa = XCSwiftPackageProductDependency;
			package = 55F0DD7529C0AE570062BFCA /* XCRemoteSwiftPackageReference "RxSwift" */;
			productName = RxCocoa;
		};
		55F0DD7829C0AE570062BFCA /* RxRelay */ = {
			isa = XCSwiftPackageProductDependency;
			package = 55F0DD7529C0AE570062BFCA /* XCRemoteSwiftPackageReference "RxSwift" */;
			productName = RxRelay;
		};
		55F0DD7A29C0AE570062BFCA /* RxSwift */ = {
			isa = XCSwiftPackageProductDependency;
			package = 55F0DD7529C0AE570062BFCA /* XCRemoteSwiftPackageReference "RxSwift" */;
			productName = RxSwift;
		};
/* End XCSwiftPackageProductDependency section */
	};
	rootObject = 55F0DD0B29C0AC460062BFCA /* Project object */;
}
